
Microsoft Visual Studio Solution File, Format Version 12.00
# Visual Studio Version 17
VisualStudioVersion = 17.14.36327.8 d17.14
MinimumVisualStudioVersion = 10.0.40219.1
Project("{FAE04EC0-301F-11D3-BF4B-00C04F79EFBC}") = "Stap10", "Stap10\Stap10.csproj", "{1134AF64-68DF-4AE8-8CC6-384CC00718DF}"
	ProjectSection(ProjectDependencies) = postProject
		{20AB3E71-D070-4417-92B5-DBD08474DE88} = {20AB3E71-D070-4417-92B5-DBD08474DE88}
	EndProjectSection
EndProject
Project("{FAE04EC0-301F-11D3-BF4B-00C04F79EFBC}") = "Domain", "Domain\Domain.csproj", "{20AB3E71-D070-4417-92B5-DBD08474DE88}"
EndProject
Project("{FAE04EC0-301F-11D3-BF4B-00C04F79EFBC}") = "Infrastructure", "Infrastructure\Infrastructure.csproj", "{69432020-408E-4B7E-9214-6284557CEA2D}"
EndProject
Project("{FAE04EC0-301F-11D3-BF4B-00C04F79EFBC}") = "Services", "Services\Services.csproj", "{6F8EB299-DB26-496B-824A-870B8C87C62A}"
EndProject
Global
	GlobalSection(SolutionConfigurationPlatforms) = preSolution
		Debug|Any CPU = Debug|Any CPU
		Release|Any CPU = Release|Any CPU
	EndGlobalSection
	GlobalSection(ProjectConfigurationPlatforms) = postSolution
		{1134AF64-68DF-4AE8-8CC6-384CC00718DF}.Debug|Any CPU.ActiveCfg = Debug|Any CPU
		{1134AF64-68DF-4AE8-8CC6-384CC00718DF}.Debug|Any CPU.Build.0 = Debug|Any CPU
		{1134AF64-68DF-4AE8-8CC6-384CC00718DF}.Debug|Any CPU.Deploy.0 = Debug|Any CPU
		{1134AF64-68DF-4AE8-8CC6-384CC00718DF}.Release|Any CPU.ActiveCfg = Release|Any CPU
		{1134AF64-68DF-4AE8-8CC6-384CC00718DF}.Release|Any CPU.Build.0 = Release|Any CPU
		{20AB3E71-D070-4417-92B5-DBD08474DE88}.Debug|Any CPU.ActiveCfg = Debug|Any CPU
		{20AB3E71-D070-4417-92B5-DBD08474DE88}.Debug|Any CPU.Build.0 = Debug|Any CPU
		{20AB3E71-D070-4417-92B5-DBD08474DE88}.Release|Any CPU.ActiveCfg = Release|Any CPU
		{20AB3E71-D070-4417-92B5-DBD08474DE88}.Release|Any CPU.Build.0 = Release|Any CPU
		{69432020-408E-4B7E-9214-6284557CEA2D}.Debug|Any CPU.ActiveCfg = Debug|Any CPU
		{69432020-408E-4B7E-9214-6284557CEA2D}.Debug|Any CPU.Build.0 = Debug|Any CPU
		{69432020-408E-4B7E-9214-6284557CEA2D}.Release|Any CPU.ActiveCfg = Release|Any CPU
		{69432020-408E-4B7E-9214-6284557CEA2D}.Release|Any CPU.Build.0 = Release|Any CPU
		{6F8EB299-DB26-496B-824A-870B8C87C62A}.Debug|Any CPU.ActiveCfg = Debug|Any CPU
		{6F8EB299-DB26-496B-824A-870B8C87C62A}.Debug|Any CPU.Build.0 = Debug|Any CPU
		{6F8EB299-DB26-496B-824A-870B8C87C62A}.Release|Any CPU.ActiveCfg = Release|Any CPU
		{6F8EB299-DB26-496B-824A-870B8C87C62A}.Release|Any CPU.Build.0 = Release|Any CPU
	EndGlobalSection
	GlobalSection(SolutionProperties) = preSolution
		HideSolutionNode = FALSE
	EndGlobalSection
	GlobalSection(ExtensibilityGlobals) = postSolution
		SolutionGuid = {9FA91061-0616-48B0-8BA1-3ECDD6820401}
	EndGlobalSection
EndGlobal
